// !$*UTF8*$!
{
	archiveVersion = 1;
	classes = {
	};
	objectVersion = 52;
	objects = {

/* Begin PBXBuildFile section */
		0488CE0925814E4200C9EC71 /* AppDelegate.swift in Sources */ = {isa = PBXBuildFile; fileRef = 0488CE0825814E4200C9EC71 /* AppDelegate.swift */; };
		0488CE0B25814E4200C9EC71 /* SceneDelegate.swift in Sources */ = {isa = PBXBuildFile; fileRef = 0488CE0A25814E4200C9EC71 /* SceneDelegate.swift */; };
		0488CE1025814E4200C9EC71 /* Main.storyboard in Resources */ = {isa = PBXBuildFile; fileRef = 0488CE0E25814E4200C9EC71 /* Main.storyboard */; };
		0488CE1225814E4500C9EC71 /* Assets.xcassets in Resources */ = {isa = PBXBuildFile; fileRef = 0488CE1125814E4400C9EC71 /* Assets.xcassets */; };
		0488CE1525814E4500C9EC71 /* LaunchScreen.storyboard in Resources */ = {isa = PBXBuildFile; fileRef = 0488CE1325814E4500C9EC71 /* LaunchScreen.storyboard */; };
		0488CE2025814E4500C9EC71 /* iOSVersionsTests.swift in Sources */ = {isa = PBXBuildFile; fileRef = 0488CE1F25814E4500C9EC71 /* iOSVersionsTests.swift */; };
		0488CE2B25814E4500C9EC71 /* iOSVersionsUITests.swift in Sources */ = {isa = PBXBuildFile; fileRef = 0488CE2A25814E4500C9EC71 /* iOSVersionsUITests.swift */; };
		0488CE4125814FD000C9EC71 /* Kingfisher in Frameworks */ = {isa = PBXBuildFile; productRef = 0488CE4025814FD000C9EC71 /* Kingfisher */; };
		0488CE462581506D00C9EC71 /* VersionsViewController.swift in Sources */ = {isa = PBXBuildFile; fileRef = 0488CE452581506D00C9EC71 /* VersionsViewController.swift */; };
		0488CE4E2581508700C9EC71 /* VersionDetailViewController.swift in Sources */ = {isa = PBXBuildFile; fileRef = 0488CE4D2581508700C9EC71 /* VersionDetailViewController.swift */; };
		0488CE5B258151A700C9EC71 /* VersionsViewModel.swift in Sources */ = {isa = PBXBuildFile; fileRef = 0488CE5A258151A700C9EC71 /* VersionsViewModel.swift */; };
		0488CE692581522500C9EC71 /* VersionsDataSource.swift in Sources */ = {isa = PBXBuildFile; fileRef = 0488CE682581522500C9EC71 /* VersionsDataSource.swift */; };
		0488CE6E2581528800C9EC71 /* WebService.swift in Sources */ = {isa = PBXBuildFile; fileRef = 0488CE6D2581528800C9EC71 /* WebService.swift */; };
		0488CE742581548D00C9EC71 /* BaseVersions.swift in Sources */ = {isa = PBXBuildFile; fileRef = 0488CE722581548D00C9EC71 /* BaseVersions.swift */; };
		0488CE752581548D00C9EC71 /* Versions.swift in Sources */ = {isa = PBXBuildFile; fileRef = 0488CE732581548D00C9EC71 /* Versions.swift */; };
/* End PBXBuildFile section */

/* Begin PBXContainerItemProxy section */
		0488CE1C25814E4500C9EC71 /* PBXContainerItemProxy */ = {
			isa = PBXContainerItemProxy;
			containerPortal = 0488CDFD25814E4200C9EC71 /* Project object */;
			proxyType = 1;
			remoteGlobalIDString = 0488CE0425814E4200C9EC71;
			remoteInfo = iOSVersions;
		};
		0488CE2725814E4500C9EC71 /* PBXContainerItemProxy */ = {
			isa = PBXContainerItemProxy;
			containerPortal = 0488CDFD25814E4200C9EC71 /* Project object */;
			proxyType = 1;
			remoteGlobalIDString = 0488CE0425814E4200C9EC71;
			remoteInfo = iOSVersions;
		};
/* End PBXContainerItemProxy section */

/* Begin PBXFileReference section */
		0488CE0525814E4200C9EC71 /* iOSVersions.app */ = {isa = PBXFileReference; explicitFileType = wrapper.application; includeInIndex = 0; path = iOSVersions.app; sourceTree = BUILT_PRODUCTS_DIR; };
		0488CE0825814E4200C9EC71 /* AppDelegate.swift */ = {isa = PBXFileReference; lastKnownFileType = sourcecode.swift; path = AppDelegate.swift; sourceTree = "<group>"; };
		0488CE0A25814E4200C9EC71 /* SceneDelegate.swift */ = {isa = PBXFileReference; lastKnownFileType = sourcecode.swift; path = SceneDelegate.swift; sourceTree = "<group>"; };
		0488CE0F25814E4200C9EC71 /* Base */ = {isa = PBXFileReference; lastKnownFileType = file.storyboard; name = Base; path = Base.lproj/Main.storyboard; sourceTree = "<group>"; };
		0488CE1125814E4400C9EC71 /* Assets.xcassets */ = {isa = PBXFileReference; lastKnownFileType = folder.assetcatalog; path = Assets.xcassets; sourceTree = "<group>"; };
		0488CE1425814E4500C9EC71 /* Base */ = {isa = PBXFileReference; lastKnownFileType = file.storyboard; name = Base; path = Base.lproj/LaunchScreen.storyboard; sourceTree = "<group>"; };
		0488CE1625814E4500C9EC71 /* Info.plist */ = {isa = PBXFileReference; lastKnownFileType = text.plist.xml; path = Info.plist; sourceTree = "<group>"; };
		0488CE1B25814E4500C9EC71 /* iOSVersionsTests.xctest */ = {isa = PBXFileReference; explicitFileType = wrapper.cfbundle; includeInIndex = 0; path = iOSVersionsTests.xctest; sourceTree = BUILT_PRODUCTS_DIR; };
		0488CE1F25814E4500C9EC71 /* iOSVersionsTests.swift */ = {isa = PBXFileReference; lastKnownFileType = sourcecode.swift; path = iOSVersionsTests.swift; sourceTree = "<group>"; };
		0488CE2125814E4500C9EC71 /* Info.plist */ = {isa = PBXFileReference; lastKnownFileType = text.plist.xml; path = Info.plist; sourceTree = "<group>"; };
		0488CE2625814E4500C9EC71 /* iOSVersionsUITests.xctest */ = {isa = PBXFileReference; explicitFileType = wrapper.cfbundle; includeInIndex = 0; path = iOSVersionsUITests.xctest; sourceTree = BUILT_PRODUCTS_DIR; };
		0488CE2A25814E4500C9EC71 /* iOSVersionsUITests.swift */ = {isa = PBXFileReference; lastKnownFileType = sourcecode.swift; path = iOSVersionsUITests.swift; sourceTree = "<group>"; };
		0488CE2C25814E4500C9EC71 /* Info.plist */ = {isa = PBXFileReference; lastKnownFileType = text.plist.xml; path = Info.plist; sourceTree = "<group>"; };
		0488CE452581506D00C9EC71 /* VersionsViewController.swift */ = {isa = PBXFileReference; lastKnownFileType = sourcecode.swift; path = VersionsViewController.swift; sourceTree = "<group>"; };
		0488CE4D2581508700C9EC71 /* VersionDetailViewController.swift */ = {isa = PBXFileReference; lastKnownFileType = sourcecode.swift; path = VersionDetailViewController.swift; sourceTree = "<group>"; };
		0488CE5A258151A700C9EC71 /* VersionsViewModel.swift */ = {isa = PBXFileReference; lastKnownFileType = sourcecode.swift; path = VersionsViewModel.swift; sourceTree = "<group>"; };
		0488CE682581522500C9EC71 /* VersionsDataSource.swift */ = {isa = PBXFileReference; lastKnownFileType = sourcecode.swift; path = VersionsDataSource.swift; sourceTree = "<group>"; };
		0488CE6D2581528800C9EC71 /* WebService.swift */ = {isa = PBXFileReference; lastKnownFileType = sourcecode.swift; path = WebService.swift; sourceTree = "<group>"; };
		0488CE722581548D00C9EC71 /* BaseVersions.swift */ = {isa = PBXFileReference; fileEncoding = 4; lastKnownFileType = sourcecode.swift; path = BaseVersions.swift; sourceTree = "<group>"; };
		0488CE732581548D00C9EC71 /* Versions.swift */ = {isa = PBXFileReference; fileEncoding = 4; lastKnownFileType = sourcecode.swift; path = Versions.swift; sourceTree = "<group>"; };
/* End PBXFileReference section */

/* Begin PBXFrameworksBuildPhase section */
		0488CE0225814E4200C9EC71 /* Frameworks */ = {
			isa = PBXFrameworksBuildPhase;
			buildActionMask = 2147483647;
			files = (
				0488CE4125814FD000C9EC71 /* Kingfisher in Frameworks */,
			);
			runOnlyForDeploymentPostprocessing = 0;
		};
		0488CE1825814E4500C9EC71 /* Frameworks */ = {
			isa = PBXFrameworksBuildPhase;
			buildActionMask = 2147483647;
			files = (
			);
			runOnlyForDeploymentPostprocessing = 0;
		};
		0488CE2325814E4500C9EC71 /* Frameworks */ = {
			isa = PBXFrameworksBuildPhase;
			buildActionMask = 2147483647;
			files = (
			);
			runOnlyForDeploymentPostprocessing = 0;
		};
/* End PBXFrameworksBuildPhase section */

/* Begin PBXGroup section */
		0488CDFC25814E4200C9EC71 = {
			isa = PBXGroup;
			children = (
				0488CE0725814E4200C9EC71 /* iOSVersions */,
				0488CE1E25814E4500C9EC71 /* iOSVersionsTests */,
				0488CE2925814E4500C9EC71 /* iOSVersionsUITests */,
				0488CE0625814E4200C9EC71 /* Products */,
			);
			sourceTree = "<group>";
		};
		0488CE0625814E4200C9EC71 /* Products */ = {
			isa = PBXGroup;
			children = (
				0488CE0525814E4200C9EC71 /* iOSVersions.app */,
				0488CE1B25814E4500C9EC71 /* iOSVersionsTests.xctest */,
				0488CE2625814E4500C9EC71 /* iOSVersionsUITests.xctest */,
			);
			name = Products;
			sourceTree = "<group>";
		};
		0488CE0725814E4200C9EC71 /* iOSVersions */ = {
			isa = PBXGroup;
			children = (
				0488CE0825814E4200C9EC71 /* AppDelegate.swift */,
				0488CE0A25814E4200C9EC71 /* SceneDelegate.swift */,
				0488CE0E25814E4200C9EC71 /* Main.storyboard */,
				0488CE1125814E4400C9EC71 /* Assets.xcassets */,
				0488CE1325814E4500C9EC71 /* LaunchScreen.storyboard */,
				0488CE1625814E4500C9EC71 /* Info.plist */,
				0488CE3E25814EC300C9EC71 /* Model */,
				0488CE3D25814E9700C9EC71 /* View Controller */,
				0488CE3C25814E9000C9EC71 /* Service */,
				0488CE3B25814E8700C9EC71 /* View Model */,
			);
			path = iOSVersions;
			sourceTree = "<group>";
		};
		0488CE1E25814E4500C9EC71 /* iOSVersionsTests */ = {
			isa = PBXGroup;
			children = (
				0488CE1F25814E4500C9EC71 /* iOSVersionsTests.swift */,
				0488CE2125814E4500C9EC71 /* Info.plist */,
			);
			path = iOSVersionsTests;
			sourceTree = "<group>";
		};
		0488CE2925814E4500C9EC71 /* iOSVersionsUITests */ = {
			isa = PBXGroup;
			children = (
				0488CE2A25814E4500C9EC71 /* iOSVersionsUITests.swift */,
				0488CE2C25814E4500C9EC71 /* Info.plist */,
			);
			path = iOSVersionsUITests;
			sourceTree = "<group>";
		};
		0488CE3B25814E8700C9EC71 /* View Model */ = {
			isa = PBXGroup;
			children = (
				0488CE5A258151A700C9EC71 /* VersionsViewModel.swift */,
			);
			path = "View Model";
			sourceTree = "<group>";
		};
		0488CE3C25814E9000C9EC71 /* Service */ = {
			isa = PBXGroup;
			children = (
				0488CE6D2581528800C9EC71 /* WebService.swift */,
			);
			path = Service;
			sourceTree = "<group>";
		};
		0488CE3D25814E9700C9EC71 /* View Controller */ = {
			isa = PBXGroup;
			children = (
				0488CE592581518500C9EC71 /* Versions Detail */,
				0488CE582581517B00C9EC71 /* Versions */,
			);
			path = "View Controller";
			sourceTree = "<group>";
		};
		0488CE3E25814EC300C9EC71 /* Model */ = {
			isa = PBXGroup;
			children = (
				0488CE722581548D00C9EC71 /* BaseVersions.swift */,
				0488CE732581548D00C9EC71 /* Versions.swift */,
			);
			path = Model;
			sourceTree = "<group>";
		};
		0488CE582581517B00C9EC71 /* Versions */ = {
			isa = PBXGroup;
			children = (
				0488CE452581506D00C9EC71 /* VersionsViewController.swift */,
				0488CE682581522500C9EC71 /* VersionsDataSource.swift */,
			);
			path = Versions;
			sourceTree = "<group>";
		};
		0488CE592581518500C9EC71 /* Versions Detail */ = {
			isa = PBXGroup;
			children = (
				0488CE4D2581508700C9EC71 /* VersionDetailViewController.swift */,
			);
			path = "Versions Detail";
			sourceTree = "<group>";
		};
/* End PBXGroup section */

/* Begin PBXNativeTarget section */
		0488CE0425814E4200C9EC71 /* iOSVersions */ = {
			isa = PBXNativeTarget;
			buildConfigurationList = 0488CE2F25814E4500C9EC71 /* Build configuration list for PBXNativeTarget "iOSVersions" */;
			buildPhases = (
				0488CE0125814E4200C9EC71 /* Sources */,
				0488CE0225814E4200C9EC71 /* Frameworks */,
				0488CE0325814E4200C9EC71 /* Resources */,
			);
			buildRules = (
			);
			dependencies = (
			);
			name = iOSVersions;
			packageProductDependencies = (
				0488CE4025814FD000C9EC71 /* Kingfisher */,
			);
			productName = iOSVersions;
			productReference = 0488CE0525814E4200C9EC71 /* iOSVersions.app */;
			productType = "com.apple.product-type.application";
		};
		0488CE1A25814E4500C9EC71 /* iOSVersionsTests */ = {
			isa = PBXNativeTarget;
			buildConfigurationList = 0488CE3225814E4500C9EC71 /* Build configuration list for PBXNativeTarget "iOSVersionsTests" */;
			buildPhases = (
				0488CE1725814E4500C9EC71 /* Sources */,
				0488CE1825814E4500C9EC71 /* Frameworks */,
				0488CE1925814E4500C9EC71 /* Resources */,
			);
			buildRules = (
			);
			dependencies = (
				0488CE1D25814E4500C9EC71 /* PBXTargetDependency */,
			);
			name = iOSVersionsTests;
			productName = iOSVersionsTests;
			productReference = 0488CE1B25814E4500C9EC71 /* iOSVersionsTests.xctest */;
			productType = "com.apple.product-type.bundle.unit-test";
		};
		0488CE2525814E4500C9EC71 /* iOSVersionsUITests */ = {
			isa = PBXNativeTarget;
			buildConfigurationList = 0488CE3525814E4500C9EC71 /* Build configuration list for PBXNativeTarget "iOSVersionsUITests" */;
			buildPhases = (
				0488CE2225814E4500C9EC71 /* Sources */,
				0488CE2325814E4500C9EC71 /* Frameworks */,
				0488CE2425814E4500C9EC71 /* Resources */,
			);
			buildRules = (
			);
			dependencies = (
				0488CE2825814E4500C9EC71 /* PBXTargetDependency */,
			);
			name = iOSVersionsUITests;
			productName = iOSVersionsUITests;
			productReference = 0488CE2625814E4500C9EC71 /* iOSVersionsUITests.xctest */;
			productType = "com.apple.product-type.bundle.ui-testing";
		};
/* End PBXNativeTarget section */

/* Begin PBXProject section */
		0488CDFD25814E4200C9EC71 /* Project object */ = {
			isa = PBXProject;
			attributes = {
				LastSwiftUpdateCheck = 1220;
				LastUpgradeCheck = 1220;
				TargetAttributes = {
					0488CE0425814E4200C9EC71 = {
						CreatedOnToolsVersion = 12.2;
					};
					0488CE1A25814E4500C9EC71 = {
						CreatedOnToolsVersion = 12.2;
						TestTargetID = 0488CE0425814E4200C9EC71;
					};
					0488CE2525814E4500C9EC71 = {
						CreatedOnToolsVersion = 12.2;
						TestTargetID = 0488CE0425814E4200C9EC71;
					};
				};
			};
			buildConfigurationList = 0488CE0025814E4200C9EC71 /* Build configuration list for PBXProject "iOSVersions" */;
			compatibilityVersion = "Xcode 9.3";
			developmentRegion = en;
			hasScannedForEncodings = 0;
			knownRegions = (
				en,
				Base,
			);
			mainGroup = 0488CDFC25814E4200C9EC71;
			packageReferences = (
				0488CE3F25814FD000C9EC71 /* XCRemoteSwiftPackageReference "Kingfisher" */,
			);
			productRefGroup = 0488CE0625814E4200C9EC71 /* Products */;
			projectDirPath = "";
			projectRoot = "";
			targets = (
				0488CE0425814E4200C9EC71 /* iOSVersions */,
				0488CE1A25814E4500C9EC71 /* iOSVersionsTests */,
				0488CE2525814E4500C9EC71 /* iOSVersionsUITests */,
			);
		};
/* End PBXProject section */

/* Begin PBXResourcesBuildPhase section */
		0488CE0325814E4200C9EC71 /* Resources */ = {
			isa = PBXResourcesBuildPhase;
			buildActionMask = 2147483647;
			files = (
				0488CE1525814E4500C9EC71 /* LaunchScreen.storyboard in Resources */,
				0488CE1225814E4500C9EC71 /* Assets.xcassets in Resources */,
				0488CE1025814E4200C9EC71 /* Main.storyboard in Resources */,
			);
			runOnlyForDeploymentPostprocessing = 0;
		};
		0488CE1925814E4500C9EC71 /* Resources */ = {
			isa = PBXResourcesBuildPhase;
			buildActionMask = 2147483647;
			files = (
			);
			runOnlyForDeploymentPostprocessing = 0;
		};
		0488CE2425814E4500C9EC71 /* Resources */ = {
			isa = PBXResourcesBuildPhase;
			buildActionMask = 2147483647;
			files = (
			);
			runOnlyForDeploymentPostprocessing = 0;
		};
/* End PBXResourcesBuildPhase section */

/* Begin PBXSourcesBuildPhase section */
		0488CE0125814E4200C9EC71 /* Sources */ = {
			isa = PBXSourcesBuildPhase;
			buildActionMask = 2147483647;
			files = (
				0488CE462581506D00C9EC71 /* VersionsViewController.swift in Sources */,
				0488CE742581548D00C9EC71 /* BaseVersions.swift in Sources */,
				0488CE0925814E4200C9EC71 /* AppDelegate.swift in Sources */,
				0488CE6E2581528800C9EC71 /* WebService.swift in Sources */,
				0488CE752581548D00C9EC71 /* Versions.swift in Sources */,
				0488CE5B258151A700C9EC71 /* VersionsViewModel.swift in Sources */,
				0488CE0B25814E4200C9EC71 /* SceneDelegate.swift in Sources */,
				0488CE4E2581508700C9EC71 /* VersionDetailViewController.swift in Sources */,
				0488CE692581522500C9EC71 /* VersionsDataSource.swift in Sources */,
			);
			runOnlyForDeploymentPostprocessing = 0;
		};
		0488CE1725814E4500C9EC71 /* Sources */ = {
			isa = PBXSourcesBuildPhase;
			buildActionMask = 2147483647;
			files = (
				0488CE2025814E4500C9EC71 /* iOSVersionsTests.swift in Sources */,
			);
			runOnlyForDeploymentPostprocessing = 0;
		};
		0488CE2225814E4500C9EC71 /* Sources */ = {
			isa = PBXSourcesBuildPhase;
			buildActionMask = 2147483647;
			files = (
				0488CE2B25814E4500C9EC71 /* iOSVersionsUITests.swift in Sources */,
			);
			runOnlyForDeploymentPostprocessing = 0;
		};
/* End PBXSourcesBuildPhase section */

/* Begin PBXTargetDependency section */
		0488CE1D25814E4500C9EC71 /* PBXTargetDependency */ = {
			isa = PBXTargetDependency;
			target = 0488CE0425814E4200C9EC71 /* iOSVersions */;
			targetProxy = 0488CE1C25814E4500C9EC71 /* PBXContainerItemProxy */;
		};
		0488CE2825814E4500C9EC71 /* PBXTargetDependency */ = {
			isa = PBXTargetDependency;
			target = 0488CE0425814E4200C9EC71 /* iOSVersions */;
			targetProxy = 0488CE2725814E4500C9EC71 /* PBXContainerItemProxy */;
		};
/* End PBXTargetDependency section */

/* Begin PBXVariantGroup section */
		0488CE0E25814E4200C9EC71 /* Main.storyboard */ = {
			isa = PBXVariantGroup;
			children = (
				0488CE0F25814E4200C9EC71 /* Base */,
			);
			name = Main.storyboard;
			sourceTree = "<group>";
		};
		0488CE1325814E4500C9EC71 /* LaunchScreen.storyboard */ = {
			isa = PBXVariantGroup;
			children = (
				0488CE1425814E4500C9EC71 /* Base */,
			);
			name = LaunchScreen.storyboard;
			sourceTree = "<group>";
		};
/* End PBXVariantGroup section */

/* Begin XCBuildConfiguration section */
		0488CE2D25814E4500C9EC71 /* Debug */ = {
			isa = XCBuildConfiguration;
			buildSettings = {
				ALWAYS_SEARCH_USER_PATHS = NO;
				CLANG_ANALYZER_NONNULL = YES;
				CLANG_ANALYZER_NUMBER_OBJECT_CONVERSION = YES_AGGRESSIVE;
				CLANG_CXX_LANGUAGE_STANDARD = "gnu++14";
				CLANG_CXX_LIBRARY = "libc++";
				CLANG_ENABLE_MODULES = YES;
				CLANG_ENABLE_OBJC_ARC = YES;
				CLANG_ENABLE_OBJC_WEAK = YES;
				CLANG_WARN_BLOCK_CAPTURE_AUTORELEASING = YES;
				CLANG_WARN_BOOL_CONVERSION = YES;
				CLANG_WARN_COMMA = YES;
				CLANG_WARN_CONSTANT_CONVERSION = YES;
				CLANG_WARN_DEPRECATED_OBJC_IMPLEMENTATIONS = YES;
				CLANG_WARN_DIRECT_OBJC_ISA_USAGE = YES_ERROR;
				CLANG_WARN_DOCUMENTATION_COMMENTS = YES;
				CLANG_WARN_EMPTY_BODY = YES;
				CLANG_WARN_ENUM_CONVERSION = YES;
				CLANG_WARN_INFINITE_RECURSION = YES;
				CLANG_WARN_INT_CONVERSION = YES;
				CLANG_WARN_NON_LITERAL_NULL_CONVERSION = YES;
				CLANG_WARN_OBJC_IMPLICIT_RETAIN_SELF = YES;
				CLANG_WARN_OBJC_LITERAL_CONVERSION = YES;
				CLANG_WARN_OBJC_ROOT_CLASS = YES_ERROR;
				CLANG_WARN_QUOTED_INCLUDE_IN_FRAMEWORK_HEADER = YES;
				CLANG_WARN_RANGE_LOOP_ANALYSIS = YES;
				CLANG_WARN_STRICT_PROTOTYPES = YES;
				CLANG_WARN_SUSPICIOUS_MOVE = YES;
				CLANG_WARN_UNGUARDED_AVAILABILITY = YES_AGGRESSIVE;
				CLANG_WARN_UNREACHABLE_CODE = YES;
				CLANG_WARN__DUPLICATE_METHOD_MATCH = YES;
				COPY_PHASE_STRIP = NO;
				DEBUG_INFORMATION_FORMAT = dwarf;
				ENABLE_STRICT_OBJC_MSGSEND = YES;
				ENABLE_TESTABILITY = YES;
				GCC_C_LANGUAGE_STANDARD = gnu11;
				GCC_DYNAMIC_NO_PIC = NO;
				GCC_NO_COMMON_BLOCKS = YES;
				GCC_OPTIMIZATION_LEVEL = 0;
				GCC_PREPROCESSOR_DEFINITIONS = (
					"DEBUG=1",
					"$(inherited)",
				);
				GCC_WARN_64_TO_32_BIT_CONVERSION = YES;
				GCC_WARN_ABOUT_RETURN_TYPE = YES_ERROR;
				GCC_WARN_UNDECLARED_SELECTOR = YES;
				GCC_WARN_UNINITIALIZED_AUTOS = YES_AGGRESSIVE;
				GCC_WARN_UNUSED_FUNCTION = YES;
				GCC_WARN_UNUSED_VARIABLE = YES;
				IPHONEOS_DEPLOYMENT_TARGET = 14.2;
				MTL_ENABLE_DEBUG_INFO = INCLUDE_SOURCE;
				MTL_FAST_MATH = YES;
				ONLY_ACTIVE_ARCH = YES;
				SDKROOT = iphoneos;
				SWIFT_ACTIVE_COMPILATION_CONDITIONS = DEBUG;
				SWIFT_OPTIMIZATION_LEVEL = "-Onone";
			};
			name = Debug;
		};
		0488CE2E25814E4500C9EC71 /* Release */ = {
			isa = XCBuildConfiguration;
			buildSettings = {
				ALWAYS_SEARCH_USER_PATHS = NO;
				CLANG_ANALYZER_NONNULL = YES;
				CLANG_ANALYZER_NUMBER_OBJECT_CONVERSION = YES_AGGRESSIVE;
				CLANG_CXX_LANGUAGE_STANDARD = "gnu++14";
				CLANG_CXX_LIBRARY = "libc++";
				CLANG_ENABLE_MODULES = YES;
				CLANG_ENABLE_OBJC_ARC = YES;
				CLANG_ENABLE_OBJC_WEAK = YES;
				CLANG_WARN_BLOCK_CAPTURE_AUTORELEASING = YES;
				CLANG_WARN_BOOL_CONVERSION = YES;
				CLANG_WARN_COMMA = YES;
				CLANG_WARN_CONSTANT_CONVERSION = YES;
				CLANG_WARN_DEPRECATED_OBJC_IMPLEMENTATIONS = YES;
				CLANG_WARN_DIRECT_OBJC_ISA_USAGE = YES_ERROR;
				CLANG_WARN_DOCUMENTATION_COMMENTS = YES;
				CLANG_WARN_EMPTY_BODY = YES;
				CLANG_WARN_ENUM_CONVERSION = YES;
				CLANG_WARN_INFINITE_RECURSION = YES;
				CLANG_WARN_INT_CONVERSION = YES;
				CLANG_WARN_NON_LITERAL_NULL_CONVERSION = YES;
				CLANG_WARN_OBJC_IMPLICIT_RETAIN_SELF = YES;
				CLANG_WARN_OBJC_LITERAL_CONVERSION = YES;
				CLANG_WARN_OBJC_ROOT_CLASS = YES_ERROR;
				CLANG_WARN_QUOTED_INCLUDE_IN_FRAMEWORK_HEADER = YES;
				CLANG_WARN_RANGE_LOOP_ANALYSIS = YES;
				CLANG_WARN_STRICT_PROTOTYPES = YES;
				CLANG_WARN_SUSPICIOUS_MOVE = YES;
				CLANG_WARN_UNGUARDED_AVAILABILITY = YES_AGGRESSIVE;
				CLANG_WARN_UNREACHABLE_CODE = YES;
				CLANG_WARN__DUPLICATE_METHOD_MATCH = YES;
				COPY_PHASE_STRIP = NO;
				DEBUG_INFORMATION_FORMAT = "dwarf-with-dsym";
				ENABLE_NS_ASSERTIONS = NO;
				ENABLE_STRICT_OBJC_MSGSEND = YES;
				GCC_C_LANGUAGE_STANDARD = gnu11;
				GCC_NO_COMMON_BLOCKS = YES;
				GCC_WARN_64_TO_32_BIT_CONVERSION = YES;
				GCC_WARN_ABOUT_RETURN_TYPE = YES_ERROR;
				GCC_WARN_UNDECLARED_SELECTOR = YES;
				GCC_WARN_UNINITIALIZED_AUTOS = YES_AGGRESSIVE;
				GCC_WARN_UNUSED_FUNCTION = YES;
				GCC_WARN_UNUSED_VARIABLE = YES;
				IPHONEOS_DEPLOYMENT_TARGET = 14.2;
				MTL_ENABLE_DEBUG_INFO = NO;
				MTL_FAST_MATH = YES;
				SDKROOT = iphoneos;
				SWIFT_COMPILATION_MODE = wholemodule;
				SWIFT_OPTIMIZATION_LEVEL = "-O";
				VALIDATE_PRODUCT = YES;
			};
			name = Release;
		};
		0488CE3025814E4500C9EC71 /* Debug */ = {
			isa = XCBuildConfiguration;
			buildSettings = {
				ASSETCATALOG_COMPILER_APPICON_NAME = AppIcon;
				ASSETCATALOG_COMPILER_GLOBAL_ACCENT_COLOR_NAME = AccentColor;
				CODE_SIGN_STYLE = Automatic;
				DEVELOPMENT_TEAM = CT839J8Y85;
				INFOPLIST_FILE = iOSVersions/Info.plist;
				LD_RUNPATH_SEARCH_PATHS = (
					"$(inherited)",
					"@executable_path/Frameworks",
				);
				PRODUCT_BUNDLE_IDENTIFIER = com.iosversions.challenge.iOSVersions;
				PRODUCT_NAME = "$(TARGET_NAME)";
				SWIFT_VERSION = 5.0;
				TARGETED_DEVICE_FAMILY = "1,2";
			};
			name = Debug;
		};
		0488CE3125814E4500C9EC71 /* Release */ = {
			isa = XCBuildConfiguration;
			buildSettings = {
				ASSETCATALOG_COMPILER_APPICON_NAME = AppIcon;
				ASSETCATALOG_COMPILER_GLOBAL_ACCENT_COLOR_NAME = AccentColor;
				CODE_SIGN_STYLE = Automatic;
				DEVELOPMENT_TEAM = CT839J8Y85;
				INFOPLIST_FILE = iOSVersions/Info.plist;
				LD_RUNPATH_SEARCH_PATHS = (
					"$(inherited)",
					"@executable_path/Frameworks",
				);
				PRODUCT_BUNDLE_IDENTIFIER = com.iosversions.challenge.iOSVersions;
				PRODUCT_NAME = "$(TARGET_NAME)";
				SWIFT_VERSION = 5.0;
				TARGETED_DEVICE_FAMILY = "1,2";
			};
			name = Release;
		};
		0488CE3325814E4500C9EC71 /* Debug */ = {
			isa = XCBuildConfiguration;
			buildSettings = {
				ALWAYS_EMBED_SWIFT_STANDARD_LIBRARIES = YES;
				BUNDLE_LOADER = "$(TEST_HOST)";
				CODE_SIGN_STYLE = Automatic;
				INFOPLIST_FILE = iOSVersionsTests/Info.plist;
				IPHONEOS_DEPLOYMENT_TARGET = 14.2;
				LD_RUNPATH_SEARCH_PATHS = (
					"$(inherited)",
					"@executable_path/Frameworks",
					"@loader_path/Frameworks",
				);
				PRODUCT_BUNDLE_IDENTIFIER = com.iosversions.challenge.iOSVersionsTests;
				PRODUCT_NAME = "$(TARGET_NAME)";
				SWIFT_VERSION = 5.0;
				TARGETED_DEVICE_FAMILY = "1,2";
				TEST_HOST = "$(BUILT_PRODUCTS_DIR)/iOSVersions.app/iOSVersions";
			};
			name = Debug;
		};
		0488CE3425814E4500C9EC71 /* Release */ = {
			isa = XCBuildConfiguration;
			buildSettings = {
				ALWAYS_EMBED_SWIFT_STANDARD_LIBRARIES = YES;
				BUNDLE_LOADER = "$(TEST_HOST)";
				CODE_SIGN_STYLE = Automatic;
				INFOPLIST_FILE = iOSVersionsTests/Info.plist;
				IPHONEOS_DEPLOYMENT_TARGET = 14.2;
				LD_RUNPATH_SEARCH_PATHS = (
					"$(inherited)",
					"@executable_path/Frameworks",
					"@loader_path/Frameworks",
				);
				PRODUCT_BUNDLE_IDENTIFIER = com.iosversions.challenge.iOSVersionsTests;
				PRODUCT_NAME = "$(TARGET_NAME)";
				SWIFT_VERSION = 5.0;
				TARGETED_DEVICE_FAMILY = "1,2";
				TEST_HOST = "$(BUILT_PRODUCTS_DIR)/iOSVersions.app/iOSVersions";
			};
			name = Release;
		};
		0488CE3625814E4500C9EC71 /* Debug */ = {
			isa = XCBuildConfiguration;
			buildSettings = {
				ALWAYS_EMBED_SWIFT_STANDARD_LIBRARIES = YES;
				CODE_SIGN_STYLE = Automatic;
				INFOPLIST_FILE = iOSVersionsUITests/Info.plist;
				LD_RUNPATH_SEARCH_PATHS = (
					"$(inherited)",
					"@executable_path/Frameworks",
					"@loader_path/Frameworks",
				);
				PRODUCT_BUNDLE_IDENTIFIER = com.iosversions.challenge.iOSVersionsUITests;
				PRODUCT_NAME = "$(TARGET_NAME)";
				SWIFT_VERSION = 5.0;
				TARGETED_DEVICE_FAMILY = "1,2";
				TEST_TARGET_NAME = iOSVersions;
			};
			name = Debug;
		};
		0488CE3725814E4500C9EC71 /* Release */ = {
			isa = XCBuildConfiguration;
			buildSettings = {
				ALWAYS_EMBED_SWIFT_STANDARD_LIBRARIES = YES;
				CODE_SIGN_STYLE = Automatic;
				INFOPLIST_FILE = iOSVersionsUITests/Info.plist;
				LD_RUNPATH_SEARCH_PATHS = (
					"$(inherited)",
					"@executable_path/Frameworks",
					"@loader_path/Frameworks",
				);
				PRODUCT_BUNDLE_IDENTIFIER = com.iosversions.challenge.iOSVersionsUITests;
				PRODUCT_NAME = "$(TARGET_NAME)";
				SWIFT_VERSION = 5.0;
				TARGETED_DEVICE_FAMILY = "1,2";
				TEST_TARGET_NAME = iOSVersions;
			};
			name = Release;
		};
/* End XCBuildConfiguration section */

/* Begin XCConfigurationList section */
		0488CE0025814E4200C9EC71 /* Build configuration list for PBXProject "iOSVersions" */ = {
			isa = XCConfigurationList;
			buildConfigurations = (
				0488CE2D25814E4500C9EC71 /* Debug */,
				0488CE2E25814E4500C9EC71 /* Release */,
			);
			defaultConfigurationIsVisible = 0;
			defaultConfigurationName = Release;
		};
		0488CE2F25814E4500C9EC71 /* Build configuration list for PBXNativeTarget "iOSVersions" */ = {
			isa = XCConfigurationList;
			buildConfigurations = (
				0488CE3025814E4500C9EC71 /* Debug */,
				0488CE3125814E4500C9EC71 /* Release */,
			);
			defaultConfigurationIsVisible = 0;
			defaultConfigurationName = Release;
		};
		0488CE3225814E4500C9EC71 /* Build configuration list for PBXNativeTarget "iOSVersionsTests" */ = {
			isa = XCConfigurationList;
			buildConfigurations = (
				0488CE3325814E4500C9EC71 /* Debug */,
				0488CE3425814E4500C9EC71 /* Release */,
			);
			defaultConfigurationIsVisible = 0;
			defaultConfigurationName = Release;
		};
		0488CE3525814E4500C9EC71 /* Build configuration list for PBXNativeTarget "iOSVersionsUITests" */ = {
			isa = XCConfigurationList;
			buildConfigurations = (
				0488CE3625814E4500C9EC71 /* Debug */,
				0488CE3725814E4500C9EC71 /* Release */,
			);
			defaultConfigurationIsVisible = 0;
			defaultConfigurationName = Release;
		};
/* End XCConfigurationList section */

/* Begin XCRemoteSwiftPackageReference section */
		0488CE3F25814FD000C9EC71 /* XCRemoteSwiftPackageReference "Kingfisher" */ = {
			isa = XCRemoteSwiftPackageReference;
			repositoryURL = "https://github.com/onevcat/Kingfisher.git";
			requirement = {
				kind = upToNextMajorVersion;
				minimumVersion = 5.15.8;
			};
		};
/* End XCRemoteSwiftPackageReference section */

/* Begin XCSwiftPackageProductDependency section */
		0488CE4025814FD000C9EC71 /* Kingfisher */ = {
			isa = XCSwiftPackageProductDependency;
			package = 0488CE3F25814FD000C9EC71 /* XCRemoteSwiftPackageReference "Kingfisher" */;
			productName = Kingfisher;
		};
/* End XCSwiftPackageProductDependency section */
	};
	rootObject = 0488CDFD25814E4200C9EC71 /* Project object */;
}
